{
  "name": "ts-sip",
  "version": "2.3.0",
  "lockfileVersion": 1,
  "requires": true,
  "dependencies": {
    "@types/colors": {
      "version": "1.2.1",
      "resolved": "https://registry.npmjs.org/@types/colors/-/colors-1.2.1.tgz",
      "integrity": "sha512-7jNkpfN2lVO07nJ1RWzyMnNhH/I5N9iWuMPx9pedptxJ4MODf8rRV0lbJi6RakQ4sKQk231Fw4e2W9n3D7gZ3w==",
      "dev": true,
      "requires": {
        "colors": "*"
      }
    },
    "@types/events": {
      "version": "3.0.0",
      "resolved": "https://registry.npmjs.org/@types/events/-/events-3.0.0.tgz",
      "integrity": "sha512-EaObqwIvayI5a8dCzhFrjKzVwKLxjoG9T6Ppd5CEo07LRKfQ8Yokw54r5+Wq7FaBQ+yXRvQAYPrHwya1/UFt9g==",
      "dev": true
    },
    "@types/node": {
      "version": "10.14.14",
      "resolved": "https://registry.npmjs.org/@types/node/-/node-10.14.14.tgz",
      "integrity": "sha512-xXD08vZsvpv4xptQXj1+ky22f7ZoKu5ZNI/4l+/BXG3X+XaeZsmaFbbTKuhSE3NjjvRuZFxFf9sQBMXIcZNFMQ==",
      "dev": true
    },
    "@types/ws": {
      "version": "5.1.2",
      "resolved": "https://registry.npmjs.org/@types/ws/-/ws-5.1.2.tgz",
      "integrity": "sha512-NkTXUKTYdXdnPE2aUUbGOXE1XfMK527SCvU/9bj86kyFF6kZ9ZnOQ3mK5jADn98Y2vEUD/7wKDgZa7Qst2wYOg==",
      "dev": true,
      "requires": {
        "@types/events": "*",
        "@types/node": "*"
      }
    },
    "async-limiter": {
      "version": "1.0.1",
      "resolved": "https://registry.npmjs.org/async-limiter/-/async-limiter-1.0.1.tgz",
      "integrity": "sha512-csOlWGAcRFJaI6m+F2WKdnMKr4HhdhFVBk0H/QbJFMCr+uO2kwohwXQPxw/9OCxp05r5ghVBFSyioixx3gfkNQ==",
      "dev": true
    },
    "colors": {
      "version": "1.3.3",
      "resolved": "https://registry.npmjs.org/colors/-/colors-1.3.3.tgz",
      "integrity": "sha512-mmGt/1pZqYRjMxB1axhTo16/snVZ5krrKkcmMeVKxzECMMXoCgnvTPp10QgHfcbQZw8Dq2jMNG6je4JlWU0gWg=="
    },
    "function-bind": {
      "version": "1.1.1",
      "resolved": "https://registry.npmjs.org/function-bind/-/function-bind-1.1.1.tgz",
      "integrity": "sha512-yIovAzMX49sF8Yl58fSCWJ5svSLuaibPxXQJFLmBObTuCr0Mf1KiPopGM9NiFjiYBCbfaa2Fh6breQ6ANVTI0A=="
    },
    "has": {
      "version": "1.0.3",
      "resolved": "https://registry.npmjs.org/has/-/has-1.0.3.tgz",
      "integrity": "sha512-f2dvO0VU6Oej7RkWJGrehjbzMAjFp5/VKPp5tTpWIV4JHHZK1/BxbFRtf/siA2SWTe09caDmVtYYzWEIbBS4zw==",
      "requires": {
        "function-bind": "^1.1.1"
      }
    },
    "minimal-polyfills": {
      "version": "github:garronej/minimal-polyfills#1569512bddc20fde21275a7a367cee6619ef5c3d",
      "from": "github:garronej/minimal-polyfills"
    },
    "run-exclusive": {
      "version": "github:garronej/run-exclusive#8a6a6eb5bc247928072688b9d4953552f07025f5",
      "from": "github:garronej/run-exclusive",
      "requires": {
        "minimal-polyfills": "github:garronej/minimal-polyfills#1569512bddc20fde21275a7a367cee6619ef5c3d"
      }
    },
    "seedrandom": {
      "version": "3.0.1",
      "resolved": "https://registry.npmjs.org/seedrandom/-/seedrandom-3.0.1.tgz",
      "integrity": "sha512-1/02Y/rUeU1CJBAGLebiC5Lbo5FnB22gQbIFFYTLkwvp1xdABZJH1sn4ZT1MzXmPpzv+Rf/Lu2NcsLJiK4rcDg=="
    },
    "setprototypeof": {
      "version": "1.2.0",
      "resolved": "https://registry.npmjs.org/setprototypeof/-/setprototypeof-1.2.0.tgz",
      "integrity": "sha512-E5LDX7Wrp85Kil5bhZv46j8jOeboKq5JMmYM3gVGdGH8xFpPWXUMsNrlODCrkoxMEeNi/XZIwuRvY4XNwYMJpw=="
    },
    "super-json": {
      "version": "2.2.0",
      "resolved": "https://registry.npmjs.org/super-json/-/super-json-2.2.0.tgz",
      "integrity": "sha1-TVB8Pros+8O4oXSod99pJeQc7Oc=",
      "requires": {
        "has": "^1.0.1"
      }
    },
    "transfer-tools": {
      "version": "github:garronej/transfer-tools#a9791716497c73b5bcb663a957b56b823a9caf24",
      "from": "github:garronej/transfer-tools",
      "requires": {
        "seedrandom": "^3.0.1",
        "super-json": "^2.2.0"
      }
    },
    "ts-events-extended": {
      "version": "github:garronej/ts-events-extended#19fd961fec9fd23302423ba989a51db0e4ea18b9",
      "from": "github:garronej/ts-events-extended",
      "requires": {
        "minimal-polyfills": "github:garronej/minimal-polyfills#1569512bddc20fde21275a7a367cee6619ef5c3d",
        "run-exclusive": "github:garronej/run-exclusive#8a6a6eb5bc247928072688b9d4953552f07025f5",
        "setprototypeof": "^1.1.1"
      }
    },
    "typescript": {
      "version": "3.5.3",
      "resolved": "https://registry.npmjs.org/typescript/-/typescript-3.5.3.tgz",
      "integrity": "sha512-ACzBtm/PhXBDId6a6sDJfroT2pOWt/oOnk4/dElG5G33ZL776N3Y6/6bKZJBFpd+b05F3Ct9qDjMeJmRWtE2/g==",
      "dev": true
    },
    "ws": {
      "version": "6.2.1",
      "resolved": "https://registry.npmjs.org/ws/-/ws-6.2.1.tgz",
      "integrity": "sha512-GIyAXC2cB7LjvpgMt9EKS2ldqr0MTrORaleiOno6TweZ6r3TKtoFQWay/2PceJ3RuBasOHzXNn5Lrw1X0bEjqA==",
      "dev": true,
      "requires": {
        "async-limiter": "~1.0.0"
      }
    }
  }
}
